
Microsoft Visual Studio Solution File, Format Version 12.00
# Visual Studio Version 17
VisualStudioVersion = 17.1.32210.238
MinimumVisualStudioVersion = 10.0.40219.1
Project("{9A19103F-16F7-4668-BE54-9A1E7A4F7556}") = "FarFromFreedom.Renderer", "FarFromFreedom.Renderer\FarFromFreedom.Renderer.csproj", "{E404D1EE-879C-4DE2-B5A3-E4DF7BA0B152}"
EndProject
Project("{9A19103F-16F7-4668-BE54-9A1E7A4F7556}") = "FarFromFreedom.Model", "FarFromFreedom.Model\FarFromFreedom.Model.csproj", "{8A213DE6-7B2D-4B16-B782-D4F8FE4E9DD2}"
EndProject
Project("{FAE04EC0-301F-11D3-BF4B-00C04F79EFBC}") = "FarFromFreedom", "FarFromFreedom\FarFromFreedom.csproj", "{937D53DF-E866-4051-A7A5-02BA5A231672}"
EndProject
Global
	GlobalSection(SolutionConfigurationPlatforms) = preSolution
		Debug|Any CPU = Debug|Any CPU
		Release|Any CPU = Release|Any CPU
	EndGlobalSection
	GlobalSection(ProjectConfigurationPlatforms) = postSolution
		{E404D1EE-879C-4DE2-B5A3-E4DF7BA0B152}.Debug|Any CPU.ActiveCfg = Debug|Any CPU
		{E404D1EE-879C-4DE2-B5A3-E4DF7BA0B152}.Debug|Any CPU.Build.0 = Debug|Any CPU
		{E404D1EE-879C-4DE2-B5A3-E4DF7BA0B152}.Release|Any CPU.ActiveCfg = Release|Any CPU
		{E404D1EE-879C-4DE2-B5A3-E4DF7BA0B152}.Release|Any CPU.Build.0 = Release|Any CPU
		{8A213DE6-7B2D-4B16-B782-D4F8FE4E9DD2}.Debug|Any CPU.ActiveCfg = Debug|Any CPU
		{8A213DE6-7B2D-4B16-B782-D4F8FE4E9DD2}.Debug|Any CPU.Build.0 = Debug|Any CPU
		{8A213DE6-7B2D-4B16-B782-D4F8FE4E9DD2}.Release|Any CPU.ActiveCfg = Release|Any CPU
		{8A213DE6-7B2D-4B16-B782-D4F8FE4E9DD2}.Release|Any CPU.Build.0 = Release|Any CPU
		{937D53DF-E866-4051-A7A5-02BA5A231672}.Debug|Any CPU.ActiveCfg = Debug|Any CPU
		{937D53DF-E866-4051-A7A5-02BA5A231672}.Debug|Any CPU.Build.0 = Debug|Any CPU
		{937D53DF-E866-4051-A7A5-02BA5A231672}.Release|Any CPU.ActiveCfg = Release|Any CPU
		{937D53DF-E866-4051-A7A5-02BA5A231672}.Release|Any CPU.Build.0 = Release|Any CPU
	EndGlobalSection
	GlobalSection(SolutionProperties) = preSolution
		HideSolutionNode = FALSE
	EndGlobalSection
	GlobalSection(ExtensibilityGlobals) = postSolution
		SolutionGuid = {57D2B3A7-091D-4689-A842-5EF14330D793}
	EndGlobalSection
EndGlobal
